
Microsoft Visual Studio Solution File, Format Version 12.00
# Visual Studio 15
VisualStudioVersion = 15.0.27004.2008
MinimumVisualStudioVersion = 10.0.40219.1
Project("{9A19103F-16F7-4668-BE54-9A1E7A4F7556}") = "Api", "Api\Api.csproj", "{4493C992-92CE-4AC7-A4E4-96BB3F8DB05F}"
EndProject
Project("{9A19103F-16F7-4668-BE54-9A1E7A4F7556}") = "Framework", "Framework\Framework.csproj", "{3A388694-A969-4011-9913-02DFCF2A5A6D}"
EndProject
Project("{FAE04EC0-301F-11D3-BF4B-00C04F79EFBC}") = "Core", "Core\Core.csproj", "{117D7AA8-6B81-4046-98D8-93F6A0416C88}"
EndProject
Global
	GlobalSection(SolutionConfigurationPlatforms) = preSolution
		Debug|Any CPU = Debug|Any CPU
		Release|Any CPU = Release|Any CPU
	EndGlobalSection
	GlobalSection(ProjectConfigurationPlatforms) = postSolution
		{4493C992-92CE-4AC7-A4E4-96BB3F8DB05F}.Debug|Any CPU.ActiveCfg = Debug|Any CPU
		{4493C992-92CE-4AC7-A4E4-96BB3F8DB05F}.Debug|Any CPU.Build.0 = Debug|Any CPU
		{4493C992-92CE-4AC7-A4E4-96BB3F8DB05F}.Release|Any CPU.ActiveCfg = Release|Any CPU
		{4493C992-92CE-4AC7-A4E4-96BB3F8DB05F}.Release|Any CPU.Build.0 = Release|Any CPU
		{3A388694-A969-4011-9913-02DFCF2A5A6D}.Debug|Any CPU.ActiveCfg = Debug|Any CPU
		{3A388694-A969-4011-9913-02DFCF2A5A6D}.Debug|Any CPU.Build.0 = Debug|Any CPU
		{3A388694-A969-4011-9913-02DFCF2A5A6D}.Release|Any CPU.ActiveCfg = Release|Any CPU
		{3A388694-A969-4011-9913-02DFCF2A5A6D}.Release|Any CPU.Build.0 = Release|Any CPU
		{117D7AA8-6B81-4046-98D8-93F6A0416C88}.Debug|Any CPU.ActiveCfg = Debug|Any CPU
		{117D7AA8-6B81-4046-98D8-93F6A0416C88}.Debug|Any CPU.Build.0 = Debug|Any CPU
		{117D7AA8-6B81-4046-98D8-93F6A0416C88}.Release|Any CPU.ActiveCfg = Release|Any CPU
		{117D7AA8-6B81-4046-98D8-93F6A0416C88}.Release|Any CPU.Build.0 = Release|Any CPU
	EndGlobalSection
	GlobalSection(SolutionProperties) = preSolution
		HideSolutionNode = FALSE
	EndGlobalSection
	GlobalSection(ExtensibilityGlobals) = postSolution
		SolutionGuid = {0211E6EB-AAE1-4C65-9901-C19D5C03B7EA}
	EndGlobalSection
EndGlobal
